# @generated by Move, please check-in and do not edit manually.

[move]
version = 3
manifest_digest = "CE4DAC38909A67A19E2300914D7C82F49715E009796E4EE5E77A67B63676D123"
deps_digest = "F8BBB0CCB2491CA29A3DF03D6F92277A4F3574266507ACD77214D37ECA3F3082"
dependencies = [
  { id = "Sui", name = "Sui" },
]

[[move.package]]
id = "MoveStdlib"
source = { git = "https://github.com/MystenLabs/sui.git", rev = "framework/testnet", subdir = "crates/sui-framework/packages/move-stdlib" }

[[move.package]]
id = "Sui"
source = { git = "https://github.com/MystenLabs/sui.git", rev = "framework/testnet", subdir = "crates/sui-framework/packages/sui-framework" }

dependencies = [
  { id = "MoveStdlib", name = "MoveStdlib" },
]

[move.toolchain-version]
compiler-version = "1.61.1"
edition = "legacy"
flavor = "sui"

[env]

[env.testnet]
chain-id = "4c78adac"
original-published-id = "0x2935f11d00f65e7d7108396eb2c330f813b158bf444f7ee4bad82c93a8925d16"
latest-published-id = "0x2935f11d00f65e7d7108396eb2c330f813b158bf444f7ee4bad82c93a8925d16"
published-version = "1"
